
Microsoft Visual Studio Solution File, Format Version 12.00
# Visual Studio Version 17
VisualStudioVersion = 17.9.34723.18
MinimumVisualStudioVersion = 10.0.40219.1
Project("{FAE04EC0-301F-11D3-BF4B-00C04F79EFBC}") = "MyFirstConsoleApplication", "MyFirstConsoleApplication\MyFirstConsoleApplication.csproj", "{EA034F74-291A-4218-894E-E808174A6778}"
EndProject
Global
	GlobalSection(SolutionConfigurationPlatforms) = preSolution
		Debug|Any CPU = Debug|Any CPU
		Release|Any CPU = Release|Any CPU
	EndGlobalSection
	GlobalSection(ProjectConfigurationPlatforms) = postSolution
		{EA034F74-291A-4218-894E-E808174A6778}.Debug|Any CPU.ActiveCfg = Debug|Any CPU
		{EA034F74-291A-4218-894E-E808174A6778}.Debug|Any CPU.Build.0 = Debug|Any CPU
		{EA034F74-291A-4218-894E-E808174A6778}.Release|Any CPU.ActiveCfg = Release|Any CPU
		{EA034F74-291A-4218-894E-E808174A6778}.Release|Any CPU.Build.0 = Release|Any CPU
	EndGlobalSection
	GlobalSection(SolutionProperties) = preSolution
		HideSolutionNode = FALSE
	EndGlobalSection
	GlobalSection(ExtensibilityGlobals) = postSolution
		SolutionGuid = {C488C926-6EC3-43A1-B6DA-8EAF1C0E3C89}
	EndGlobalSection
EndGlobal
